
Microsoft Visual Studio Solution File, Format Version 12.00
# Visual Studio 2013
VisualStudioVersion = 12.0.40629.0
MinimumVisualStudioVersion = 10.0.40219.1
Project("{FAE04EC0-301F-11D3-BF4B-00C04F79EFBC}") = "PlethoraModels", "PlethoraExercise\PlethoraModels.csproj", "{1FD85B68-40CC-4D13-B9A1-1013D1C4C2F4}"
EndProject
Project("{FAE04EC0-301F-11D3-BF4B-00C04F79EFBC}") = "ImportJsonApplication", "ImportJsonApplication\ImportJsonApplication.csproj", "{9AC421CE-067D-4BBA-BF7D-07D5DA24CC53}"
EndProject
Global
	GlobalSection(SolutionConfigurationPlatforms) = preSolution
		Debug|Any CPU = Debug|Any CPU
		Release|Any CPU = Release|Any CPU
	EndGlobalSection
	GlobalSection(ProjectConfigurationPlatforms) = postSolution
		{1FD85B68-40CC-4D13-B9A1-1013D1C4C2F4}.Debug|Any CPU.ActiveCfg = Debug|Any CPU
		{1FD85B68-40CC-4D13-B9A1-1013D1C4C2F4}.Debug|Any CPU.Build.0 = Debug|Any CPU
		{1FD85B68-40CC-4D13-B9A1-1013D1C4C2F4}.Release|Any CPU.ActiveCfg = Release|Any CPU
		{1FD85B68-40CC-4D13-B9A1-1013D1C4C2F4}.Release|Any CPU.Build.0 = Release|Any CPU
		{9AC421CE-067D-4BBA-BF7D-07D5DA24CC53}.Debug|Any CPU.ActiveCfg = Debug|Any CPU
		{9AC421CE-067D-4BBA-BF7D-07D5DA24CC53}.Debug|Any CPU.Build.0 = Debug|Any CPU
		{9AC421CE-067D-4BBA-BF7D-07D5DA24CC53}.Release|Any CPU.ActiveCfg = Release|Any CPU
		{9AC421CE-067D-4BBA-BF7D-07D5DA24CC53}.Release|Any CPU.Build.0 = Release|Any CPU
	EndGlobalSection
	GlobalSection(SolutionProperties) = preSolution
		HideSolutionNode = FALSE
	EndGlobalSection
EndGlobal
